// !$*UTF8*$!
{
	archiveVersion = 1;
	classes = {
	};
	objectVersion = 46;
	objects = {

/* Begin PBXBuildFile section */
		8A2F53AE1493D830007CE851 /* EGOImageView.m in Sources */ = {isa = PBXBuildFile; fileRef = 8A2F53AD1493D830007CE851 /* EGOImageView.m */; settings = {COMPILER_FLAGS = "-fno-objc-arc"; }; };
		8A2F53B31493D84C007CE851 /* EGOImageLoadConnection.m in Sources */ = {isa = PBXBuildFile; fileRef = 8A2F53B01493D84C007CE851 /* EGOImageLoadConnection.m */; settings = {COMPILER_FLAGS = "-fno-objc-arc"; }; };
		8A2F53B41493D84C007CE851 /* EGOImageLoader.m in Sources */ = {isa = PBXBuildFile; fileRef = 8A2F53B21493D84C007CE851 /* EGOImageLoader.m */; settings = {COMPILER_FLAGS = "-fno-objc-arc"; }; };
		8A2F53BB1493DA75007CE851 /* EGOCache.m in Sources */ = {isa = PBXBuildFile; fileRef = 8A2F53BA1493DA75007CE851 /* EGOCache.m */; settings = {COMPILER_FLAGS = "-fno-objc-arc"; }; };
		8A2F53BE1493DC34007CE851 /* ThirdPartyLicenses.txt in Resources */ = {isa = PBXBuildFile; fileRef = 8A2F53BD1493DC34007CE851 /* ThirdPartyLicenses.txt */; };
		8ACF996E149176B1009815CB /* UIKit.framework in Frameworks */ = {isa = PBXBuildFile; fileRef = 8ACF996D149176B1009815CB /* UIKit.framework */; };
		8ACF9970149176B1009815CB /* Foundation.framework in Frameworks */ = {isa = PBXBuildFile; fileRef = 8ACF996F149176B1009815CB /* Foundation.framework */; };
		8ACF9972149176B1009815CB /* CoreGraphics.framework in Frameworks */ = {isa = PBXBuildFile; fileRef = 8ACF9971149176B1009815CB /* CoreGraphics.framework */; };
		8ACF997A149176B1009815CB /* main.m in Sources */ = {isa = PBXBuildFile; fileRef = 8ACF9979149176B1009815CB /* main.m */; };
		8ACF997E149176B1009815CB /* VUAppDelegate.m in Sources */ = {isa = PBXBuildFile; fileRef = 8ACF997D149176B1009815CB /* VUAppDelegate.m */; };
		8ACF9981149176B1009815CB /* MainStoryboard.storyboard in Resources */ = {isa = PBXBuildFile; fileRef = 8ACF997F149176B1009815CB /* MainStoryboard.storyboard */; };
		8ACF9984149176B1009815CB /* VUMasterViewController.m in Sources */ = {isa = PBXBuildFile; fileRef = 8ACF9983149176B1009815CB /* VUMasterViewController.m */; };
		8ACF9987149176B1009815CB /* VUDetailViewController.m in Sources */ = {isa = PBXBuildFile; fileRef = 8ACF9986149176B1009815CB /* VUDetailViewController.m */; };
		8ACF99981491792B009815CB /* libDTWebArchive.a in Frameworks */ = {isa = PBXBuildFile; fileRef = 8ACF99971491792B009815CB /* libDTWebArchive.a */; };
		8ADE4F80149361550017FC07 /* VUiTunesStoreItem.m in Sources */ = {isa = PBXBuildFile; fileRef = 8ADE4F7F149361550017FC07 /* VUiTunesStoreItem.m */; };
		8ADE4F841493692E0017FC07 /* NSError+StoreGenie.m in Sources */ = {isa = PBXBuildFile; fileRef = 8ADE4F831493692E0017FC07 /* NSError+StoreGenie.m */; };
		8ADE4F8B1493CEAA0017FC07 /* VUiTunesStoreItemCell.m in Sources */ = {isa = PBXBuildFile; fileRef = 8ADE4F8A1493CEAA0017FC07 /* VUiTunesStoreItemCell.m */; };
/* End PBXBuildFile section */

/* Begin PBXFileReference section */
		8A2F53AC1493D830007CE851 /* EGOImageView.h */ = {isa = PBXFileReference; fileEncoding = 4; lastKnownFileType = sourcecode.c.h; name = EGOImageView.h; path = EGOImageLoading/EGOImageView/EGOImageView.h; sourceTree = SOURCE_ROOT; };
		8A2F53AD1493D830007CE851 /* EGOImageView.m */ = {isa = PBXFileReference; fileEncoding = 4; lastKnownFileType = sourcecode.c.objc; name = EGOImageView.m; path = EGOImageLoading/EGOImageView/EGOImageView.m; sourceTree = SOURCE_ROOT; };
		8A2F53AF1493D84C007CE851 /* EGOImageLoadConnection.h */ = {isa = PBXFileReference; fileEncoding = 4; lastKnownFileType = sourcecode.c.h; name = EGOImageLoadConnection.h; path = EGOImageLoading/EGOImageLoader/EGOImageLoadConnection.h; sourceTree = SOURCE_ROOT; };
		8A2F53B01493D84C007CE851 /* EGOImageLoadConnection.m */ = {isa = PBXFileReference; fileEncoding = 4; lastKnownFileType = sourcecode.c.objc; name = EGOImageLoadConnection.m; path = EGOImageLoading/EGOImageLoader/EGOImageLoadConnection.m; sourceTree = SOURCE_ROOT; };
		8A2F53B11493D84C007CE851 /* EGOImageLoader.h */ = {isa = PBXFileReference; fileEncoding = 4; lastKnownFileType = sourcecode.c.h; name = EGOImageLoader.h; path = EGOImageLoading/EGOImageLoader/EGOImageLoader.h; sourceTree = SOURCE_ROOT; };
		8A2F53B21493D84C007CE851 /* EGOImageLoader.m */ = {isa = PBXFileReference; fileEncoding = 4; lastKnownFileType = sourcecode.c.objc; name = EGOImageLoader.m; path = EGOImageLoading/EGOImageLoader/EGOImageLoader.m; sourceTree = SOURCE_ROOT; };
		8A2F53B91493DA75007CE851 /* EGOCache.h */ = {isa = PBXFileReference; fileEncoding = 4; lastKnownFileType = sourcecode.c.h; name = EGOCache.h; path = EGOImageLoading/EGOCache/EGOCache.h; sourceTree = SOURCE_ROOT; };
		8A2F53BA1493DA75007CE851 /* EGOCache.m */ = {isa = PBXFileReference; fileEncoding = 4; lastKnownFileType = sourcecode.c.objc; name = EGOCache.m; path = EGOImageLoading/EGOCache/EGOCache.m; sourceTree = SOURCE_ROOT; };
		8A2F53BD1493DC34007CE851 /* ThirdPartyLicenses.txt */ = {isa = PBXFileReference; fileEncoding = 4; lastKnownFileType = text; path = ThirdPartyLicenses.txt; sourceTree = "<group>"; };
		8ACF9969149176B1009815CB /* StoreGenie.app */ = {isa = PBXFileReference; explicitFileType = wrapper.application; includeInIndex = 0; path = StoreGenie.app; sourceTree = BUILT_PRODUCTS_DIR; };
		8ACF996D149176B1009815CB /* UIKit.framework */ = {isa = PBXFileReference; lastKnownFileType = wrapper.framework; name = UIKit.framework; path = System/Library/Frameworks/UIKit.framework; sourceTree = SDKROOT; };
		8ACF996F149176B1009815CB /* Foundation.framework */ = {isa = PBXFileReference; lastKnownFileType = wrapper.framework; name = Foundation.framework; path = System/Library/Frameworks/Foundation.framework; sourceTree = SDKROOT; };
		8ACF9971149176B1009815CB /* CoreGraphics.framework */ = {isa = PBXFileReference; lastKnownFileType = wrapper.framework; name = CoreGraphics.framework; path = System/Library/Frameworks/CoreGraphics.framework; sourceTree = SDKROOT; };
		8ACF9975149176B1009815CB /* StoreGenie-Info.plist */ = {isa = PBXFileReference; lastKnownFileType = text.plist.xml; path = "StoreGenie-Info.plist"; sourceTree = "<group>"; };
		8ACF9979149176B1009815CB /* main.m */ = {isa = PBXFileReference; lastKnownFileType = sourcecode.c.objc; path = main.m; sourceTree = "<group>"; };
		8ACF997B149176B1009815CB /* StoreGenie-Prefix.pch */ = {isa = PBXFileReference; lastKnownFileType = sourcecode.c.h; path = "StoreGenie-Prefix.pch"; sourceTree = "<group>"; };
		8ACF997C149176B1009815CB /* VUAppDelegate.h */ = {isa = PBXFileReference; lastKnownFileType = sourcecode.c.h; path = VUAppDelegate.h; sourceTree = "<group>"; };
		8ACF997D149176B1009815CB /* VUAppDelegate.m */ = {isa = PBXFileReference; lastKnownFileType = sourcecode.c.objc; path = VUAppDelegate.m; sourceTree = "<group>"; };
		8ACF9980149176B1009815CB /* en */ = {isa = PBXFileReference; lastKnownFileType = file.storyboard; name = en; path = en.lproj/MainStoryboard.storyboard; sourceTree = "<group>"; };
		8ACF9982149176B1009815CB /* VUMasterViewController.h */ = {isa = PBXFileReference; lastKnownFileType = sourcecode.c.h; path = VUMasterViewController.h; sourceTree = "<group>"; };
		8ACF9983149176B1009815CB /* VUMasterViewController.m */ = {isa = PBXFileReference; lastKnownFileType = sourcecode.c.objc; path = VUMasterViewController.m; sourceTree = "<group>"; };
		8ACF9985149176B1009815CB /* VUDetailViewController.h */ = {isa = PBXFileReference; lastKnownFileType = sourcecode.c.h; path = VUDetailViewController.h; sourceTree = "<group>"; };
		8ACF9986149176B1009815CB /* VUDetailViewController.m */ = {isa = PBXFileReference; lastKnownFileType = sourcecode.c.objc; path = VUDetailViewController.m; sourceTree = "<group>"; };
		8ACF99971491792B009815CB /* libDTWebArchive.a */ = {isa = PBXFileReference; lastKnownFileType = archive.ar; path = libDTWebArchive.a; sourceTree = "<group>"; };
		8ACF99991491797E009815CB /* UIPasteboard+DTWebArchive.h */ = {isa = PBXFileReference; fileEncoding = 4; lastKnownFileType = sourcecode.c.h; path = "UIPasteboard+DTWebArchive.h"; sourceTree = "<group>"; };
		8ACF999E14917A68009815CB /* DTWebArchive.h */ = {isa = PBXFileReference; fileEncoding = 4; lastKnownFileType = sourcecode.c.h; path = DTWebArchive.h; sourceTree = "<group>"; };
		8ACF999F14917A73009815CB /* DTWebResource.h */ = {isa = PBXFileReference; fileEncoding = 4; lastKnownFileType = sourcecode.c.h; path = DTWebResource.h; sourceTree = "<group>"; };
		8ADE4F7E149361550017FC07 /* VUiTunesStoreItem.h */ = {isa = PBXFileReference; fileEncoding = 4; lastKnownFileType = sourcecode.c.h; path = VUiTunesStoreItem.h; sourceTree = "<group>"; };
		8ADE4F7F149361550017FC07 /* VUiTunesStoreItem.m */ = {isa = PBXFileReference; fileEncoding = 4; lastKnownFileType = sourcecode.c.objc; path = VUiTunesStoreItem.m; sourceTree = "<group>"; };
		8ADE4F821493692E0017FC07 /* NSError+StoreGenie.h */ = {isa = PBXFileReference; fileEncoding = 4; lastKnownFileType = sourcecode.c.h; path = "NSError+StoreGenie.h"; sourceTree = "<group>"; };
		8ADE4F831493692E0017FC07 /* NSError+StoreGenie.m */ = {isa = PBXFileReference; fileEncoding = 4; lastKnownFileType = sourcecode.c.objc; path = "NSError+StoreGenie.m"; sourceTree = "<group>"; };
		8ADE4F891493CEAA0017FC07 /* VUiTunesStoreItemCell.h */ = {isa = PBXFileReference; fileEncoding = 4; lastKnownFileType = sourcecode.c.h; path = VUiTunesStoreItemCell.h; sourceTree = "<group>"; };
		8ADE4F8A1493CEAA0017FC07 /* VUiTunesStoreItemCell.m */ = {isa = PBXFileReference; fileEncoding = 4; lastKnownFileType = sourcecode.c.objc; path = VUiTunesStoreItemCell.m; sourceTree = "<group>"; };
/* End PBXFileReference section */

/* Begin PBXFrameworksBuildPhase section */
		8ACF9966149176B1009815CB /* Frameworks */ = {
			isa = PBXFrameworksBuildPhase;
			buildActionMask = 2147483647;
			files = (
				8ACF996E149176B1009815CB /* UIKit.framework in Frameworks */,
				8ACF9970149176B1009815CB /* Foundation.framework in Frameworks */,
				8ACF9972149176B1009815CB /* CoreGraphics.framework in Frameworks */,
				8ACF99981491792B009815CB /* libDTWebArchive.a in Frameworks */,
			);
			runOnlyForDeploymentPostprocessing = 0;
		};
/* End PBXFrameworksBuildPhase section */

/* Begin PBXGroup section */
		8A2F53AA1493D80B007CE851 /* Third Party */ = {
			isa = PBXGroup;
			children = (
				8A2F53BD1493DC34007CE851 /* ThirdPartyLicenses.txt */,
				8A2F53BC1493DC05007CE851 /* EGOImageLoading */,
			);
			name = "Third Party";
			sourceTree = "<group>";
		};
		8A2F53BC1493DC05007CE851 /* EGOImageLoading */ = {
			isa = PBXGroup;
			children = (
				8A2F53B91493DA75007CE851 /* EGOCache.h */,
				8A2F53BA1493DA75007CE851 /* EGOCache.m */,
				8A2F53AF1493D84C007CE851 /* EGOImageLoadConnection.h */,
				8A2F53B01493D84C007CE851 /* EGOImageLoadConnection.m */,
				8A2F53B11493D84C007CE851 /* EGOImageLoader.h */,
				8A2F53B21493D84C007CE851 /* EGOImageLoader.m */,
				8A2F53AC1493D830007CE851 /* EGOImageView.h */,
				8A2F53AD1493D830007CE851 /* EGOImageView.m */,
			);
			name = EGOImageLoading;
			sourceTree = "<group>";
		};
		8ACF995E149176B0009815CB = {
			isa = PBXGroup;
			children = (
				8ACF9973149176B1009815CB /* StoreGenie */,
				8ACF996C149176B1009815CB /* Frameworks */,
				8ACF996A149176B1009815CB /* Products */,
			);
			sourceTree = "<group>";
		};
		8ACF996A149176B1009815CB /* Products */ = {
			isa = PBXGroup;
			children = (
				8ACF9969149176B1009815CB /* StoreGenie.app */,
			);
			name = Products;
			sourceTree = "<group>";
		};
		8ACF996C149176B1009815CB /* Frameworks */ = {
			isa = PBXGroup;
			children = (
				8ACF99A014917E93009815CB /* DTWebArchive */,
				8ACF9971149176B1009815CB /* CoreGraphics.framework */,
				8ACF996F149176B1009815CB /* Foundation.framework */,
				8ACF996D149176B1009815CB /* UIKit.framework */,
			);
			name = Frameworks;
			sourceTree = "<group>";
		};
		8ACF9973149176B1009815CB /* StoreGenie */ = {
			isa = PBXGroup;
			children = (
				8ACF997F149176B1009815CB /* MainStoryboard.storyboard */,
				8ADE4F821493692E0017FC07 /* NSError+StoreGenie.h */,
				8ADE4F831493692E0017FC07 /* NSError+StoreGenie.m */,
				8ACF997C149176B1009815CB /* VUAppDelegate.h */,
				8ACF997D149176B1009815CB /* VUAppDelegate.m */,
				8ACF9985149176B1009815CB /* VUDetailViewController.h */,
				8ACF9986149176B1009815CB /* VUDetailViewController.m */,
				8ADE4F7E149361550017FC07 /* VUiTunesStoreItem.h */,
				8ADE4F7F149361550017FC07 /* VUiTunesStoreItem.m */,
				8ADE4F891493CEAA0017FC07 /* VUiTunesStoreItemCell.h */,
				8ADE4F8A1493CEAA0017FC07 /* VUiTunesStoreItemCell.m */,
				8ACF9982149176B1009815CB /* VUMasterViewController.h */,
				8ACF9983149176B1009815CB /* VUMasterViewController.m */,
				8ACF9974149176B1009815CB /* Supporting Files */,
				8A2F53AA1493D80B007CE851 /* Third Party */,
			);
			path = StoreGenie;
			sourceTree = "<group>";
		};
		8ACF9974149176B1009815CB /* Supporting Files */ = {
			isa = PBXGroup;
			children = (
				8ACF9979149176B1009815CB /* main.m */,
				8ACF9975149176B1009815CB /* StoreGenie-Info.plist */,
				8ACF997B149176B1009815CB /* StoreGenie-Prefix.pch */,
			);
			name = "Supporting Files";
			sourceTree = "<group>";
		};
		8ACF99A014917E93009815CB /* DTWebArchive */ = {
			isa = PBXGroup;
			children = (
				8ACF99971491792B009815CB /* libDTWebArchive.a */,
				8ACF999E14917A68009815CB /* DTWebArchive.h */,
				8ACF999F14917A73009815CB /* DTWebResource.h */,
				8ACF99991491797E009815CB /* UIPasteboard+DTWebArchive.h */,
			);
			name = DTWebArchive;
			sourceTree = "<group>";
		};
/* End PBXGroup section */

/* Begin PBXNativeTarget section */
		8ACF9968149176B1009815CB /* StoreGenie */ = {
			isa = PBXNativeTarget;
			buildConfigurationList = 8ACF998A149176B1009815CB /* Build configuration list for PBXNativeTarget "StoreGenie" */;
			buildPhases = (
				8ACF9965149176B1009815CB /* Sources */,
				8ACF9966149176B1009815CB /* Frameworks */,
				8ACF9967149176B1009815CB /* Resources */,
			);
			buildRules = (
			);
			dependencies = (
			);
			name = StoreGenie;
			productName = StoreGenie;
			productReference = 8ACF9969149176B1009815CB /* StoreGenie.app */;
			productType = "com.apple.product-type.application";
		};
/* End PBXNativeTarget section */

/* Begin PBXProject section */
		8ACF9960149176B0009815CB /* Project object */ = {
			isa = PBXProject;
			attributes = {
				LastUpgradeCheck = 0420;
				ORGANIZATIONNAME = Crocodil.us;
			};
			buildConfigurationList = 8ACF9963149176B0009815CB /* Build configuration list for PBXProject "StoreGenie" */;
			compatibilityVersion = "Xcode 3.2";
			developmentRegion = English;
			hasScannedForEncodings = 0;
			knownRegions = (
				en,
			);
			mainGroup = 8ACF995E149176B0009815CB;
			productRefGroup = 8ACF996A149176B1009815CB /* Products */;
			projectDirPath = "";
			projectRoot = "";
			targets = (
				8ACF9968149176B1009815CB /* StoreGenie */,
			);
		};
/* End PBXProject section */

/* Begin PBXResourcesBuildPhase section */
		8ACF9967149176B1009815CB /* Resources */ = {
			isa = PBXResourcesBuildPhase;
			buildActionMask = 2147483647;
			files = (
				8ACF9981149176B1009815CB /* MainStoryboard.storyboard in Resources */,
				8A2F53BE1493DC34007CE851 /* ThirdPartyLicenses.txt in Resources */,
			);
			runOnlyForDeploymentPostprocessing = 0;
		};
/* End PBXResourcesBuildPhase section */

/* Begin PBXSourcesBuildPhase section */
		8ACF9965149176B1009815CB /* Sources */ = {
			isa = PBXSourcesBuildPhase;
			buildActionMask = 2147483647;
			files = (
				8ACF997A149176B1009815CB /* main.m in Sources */,
				8ACF997E149176B1009815CB /* VUAppDelegate.m in Sources */,
				8ACF9984149176B1009815CB /* VUMasterViewController.m in Sources */,
				8ACF9987149176B1009815CB /* VUDetailViewController.m in Sources */,
				8ADE4F80149361550017FC07 /* VUiTunesStoreItem.m in Sources */,
				8ADE4F841493692E0017FC07 /* NSError+StoreGenie.m in Sources */,
				8ADE4F8B1493CEAA0017FC07 /* VUiTunesStoreItemCell.m in Sources */,
				8A2F53AE1493D830007CE851 /* EGOImageView.m in Sources */,
				8A2F53B31493D84C007CE851 /* EGOImageLoadConnection.m in Sources */,
				8A2F53B41493D84C007CE851 /* EGOImageLoader.m in Sources */,
				8A2F53BB1493DA75007CE851 /* EGOCache.m in Sources */,
			);
			runOnlyForDeploymentPostprocessing = 0;
		};
/* End PBXSourcesBuildPhase section */

/* Begin PBXVariantGroup section */
		8ACF997F149176B1009815CB /* MainStoryboard.storyboard */ = {
			isa = PBXVariantGroup;
			children = (
				8ACF9980149176B1009815CB /* en */,
			);
			name = MainStoryboard.storyboard;
			sourceTree = "<group>";
		};
/* End PBXVariantGroup section */

/* Begin XCBuildConfiguration section */
		8ACF9988149176B1009815CB /* Debug */ = {
			isa = XCBuildConfiguration;
			buildSettings = {
				ALWAYS_SEARCH_USER_PATHS = NO;
				ARCHS = "$(ARCHS_STANDARD_32_BIT)";
				CLANG_ENABLE_OBJC_ARC = YES;
				"CODE_SIGN_IDENTITY[sdk=iphoneos*]" = "iPhone Developer";
				COPY_PHASE_STRIP = NO;
				GCC_C_LANGUAGE_STANDARD = gnu99;
				GCC_DYNAMIC_NO_PIC = NO;
				GCC_OPTIMIZATION_LEVEL = 0;
				GCC_PREPROCESSOR_DEFINITIONS = (
					"DEBUG=1",
					"$(inherited)",
				);
				GCC_SYMBOLS_PRIVATE_EXTERN = NO;
				GCC_VERSION = com.apple.compilers.llvm.clang.1_0;
				GCC_WARN_ABOUT_MISSING_PROTOTYPES = YES;
				GCC_WARN_ABOUT_RETURN_TYPE = YES;
				GCC_WARN_UNUSED_VARIABLE = YES;
				IPHONEOS_DEPLOYMENT_TARGET = 5.0;
				OTHER_LDFLAGS = "-ObjC";
				SDKROOT = iphoneos;
			};
			name = Debug;
		};
		8ACF9989149176B1009815CB /* Release */ = {
			isa = XCBuildConfiguration;
			buildSettings = {
				ALWAYS_SEARCH_USER_PATHS = NO;
				ARCHS = "$(ARCHS_STANDARD_32_BIT)";
				CLANG_ENABLE_OBJC_ARC = YES;
				"CODE_SIGN_IDENTITY[sdk=iphoneos*]" = "iPhone Developer";
				COPY_PHASE_STRIP = YES;
				GCC_C_LANGUAGE_STANDARD = gnu99;
				GCC_VERSION = com.apple.compilers.llvm.clang.1_0;
				GCC_WARN_ABOUT_MISSING_PROTOTYPES = YES;
				GCC_WARN_ABOUT_RETURN_TYPE = YES;
				GCC_WARN_UNUSED_VARIABLE = YES;
				IPHONEOS_DEPLOYMENT_TARGET = 5.0;
				OTHER_CFLAGS = "-DNS_BLOCK_ASSERTIONS=1";
				OTHER_LDFLAGS = "-ObjC";
				SDKROOT = iphoneos;
				VALIDATE_PRODUCT = YES;
			};
			name = Release;
		};
		8ACF998B149176B1009815CB /* Debug */ = {
			isa = XCBuildConfiguration;
			buildSettings = {
				FRAMEWORK_SEARCH_PATHS = (
					"$(inherited)",
					"\"$(SRCROOT)\"",
				);
				GCC_PRECOMPILE_PREFIX_HEADER = YES;
				GCC_PREFIX_HEADER = "StoreGenie/StoreGenie-Prefix.pch";
				INFOPLIST_FILE = "StoreGenie/StoreGenie-Info.plist";
				LIBRARY_SEARCH_PATHS = (
					"$(inherited)",
					"\"$(SRCROOT)\"",
				);
				PRODUCT_NAME = "$(TARGET_NAME)";
				WRAPPER_EXTENSION = app;
			};
			name = Debug;
		};
		8ACF998C149176B1009815CB /* Release */ = {
			isa = XCBuildConfiguration;
			buildSettings = {
				FRAMEWORK_SEARCH_PATHS = (
					"$(inherited)",
					"\"$(SRCROOT)\"",
				);
				GCC_PRECOMPILE_PREFIX_HEADER = YES;
				GCC_PREFIX_HEADER = "StoreGenie/StoreGenie-Prefix.pch";
				INFOPLIST_FILE = "StoreGenie/StoreGenie-Info.plist";
				LIBRARY_SEARCH_PATHS = (
					"$(inherited)",
					"\"$(SRCROOT)\"",
				);
				PRODUCT_NAME = "$(TARGET_NAME)";
				WRAPPER_EXTENSION = app;
			};
			name = Release;
		};
/* End XCBuildConfiguration section */

/* Begin XCConfigurationList section */
		8ACF9963149176B0009815CB /* Build configuration list for PBXProject "StoreGenie" */ = {
			isa = XCConfigurationList;
			buildConfigurations = (
				8ACF9988149176B1009815CB /* Debug */,
				8ACF9989149176B1009815CB /* Release */,
			);
			defaultConfigurationIsVisible = 0;
			defaultConfigurationName = Release;
		};
		8ACF998A149176B1009815CB /* Build configuration list for PBXNativeTarget "StoreGenie" */ = {
			isa = XCConfigurationList;
			buildConfigurations = (
				8ACF998B149176B1009815CB /* Debug */,
				8ACF998C149176B1009815CB /* Release */,
			);
			defaultConfigurationIsVisible = 0;
			defaultConfigurationName = Release;
		};
/* End XCConfigurationList section */
	};
	rootObject = 8ACF9960149176B0009815CB /* Project object */;
}
